
Microsoft Visual Studio Solution File, Format Version 12.00
# Visual Studio Version 17
VisualStudioVersion = 17.5.002.0
MinimumVisualStudioVersion = 10.0.40219.1
Project("{9A19103F-16F7-4668-BE54-9A1E7A4F7556}") = "gregslistHomes", "gregslistHomes.csproj", "{74602D4D-F25D-4C3D-AE58-E09D131D350E}"
EndProject
Global
	GlobalSection(SolutionConfigurationPlatforms) = preSolution
		Debug|Any CPU = Debug|Any CPU
		Release|Any CPU = Release|Any CPU
	EndGlobalSection
	GlobalSection(ProjectConfigurationPlatforms) = postSolution
		{74602D4D-F25D-4C3D-AE58-E09D131D350E}.Debug|Any CPU.ActiveCfg = Debug|Any CPU
		{74602D4D-F25D-4C3D-AE58-E09D131D350E}.Debug|Any CPU.Build.0 = Debug|Any CPU
		{74602D4D-F25D-4C3D-AE58-E09D131D350E}.Release|Any CPU.ActiveCfg = Release|Any CPU
		{74602D4D-F25D-4C3D-AE58-E09D131D350E}.Release|Any CPU.Build.0 = Release|Any CPU
	EndGlobalSection
	GlobalSection(SolutionProperties) = preSolution
		HideSolutionNode = FALSE
	EndGlobalSection
	GlobalSection(ExtensibilityGlobals) = postSolution
		SolutionGuid = {3B4811FB-2957-4349-9048-159DB0197530}
	EndGlobalSection
EndGlobal
